version = 1
revision = 3
requires-python = ">=3.10"

[[package]]
name = "cobs"
version = "1.2.2"
source = { registry = "https://pypi.org/simple" }
sdist = { url = "https://files.pythonhosted.org/packages/34/ef/ea149311227a4fc3160cc885fce06da7c7d76782a308ef070b8065c69953/cobs-1.2.2.tar.gz", hash = "sha256:dbdd5e32111d72786f83d0c269215dcd6ac629b1ac1962c6878221f3b2ca98da", size = 14582, upload-time = "2025-07-20T01:08:35.434Z" }
wheels = [
    { url = "https://files.pythonhosted.org/packages/e5/e0/9574590639a624a9a84c89a569f36343523a306fff2ffddc9468a2b9b05d/cobs-1.2.2-cp312-cp312-win32.whl", hash = "sha256:3afe0cec5d91164f84dcf35b471949aa36285664d21ee984350e39d485707d11", size = 26400, upload-time = "2025-07-20T01:08:30.288Z" },
    { url = "https://files.pythonhosted.org/packages/d3/4f/5418d9decdc4cf27a814fc189bc4fa44d216d37b871d633654f37ed331f8/cobs-1.2.2-cp312-cp312-win_amd64.whl", hash = "sha256:4da6048f6e16cbd6c8ec5e95e8520e226248ffb8d31e9d6fc5e0888b3b65c54b", size = 27776, upload-time = "2025-07-20T01:08:31.377Z" },
    { url = "https://files.pythonhosted.org/packages/b4/df/7f07559954d53d09680aa4f5c72db999e7643253e2ca4e431023fe5c1c40/cobs-1.2.2-cp313-cp313-win32.whl", hash = "sha256:a8fdf6ca70247e7271caea6f2f6f9c0343f5e872e2fd47e21f71831fa9ababa8", size = 26401, upload-time = "2025-07-20T01:08:32.508Z" },
    { url = "https://files.pythonhosted.org/packages/0c/00/5b063105ff567bb7fb72c3cd3e96116a3889381fa2c0e7747497391dbecc/cobs-1.2.2-cp313-cp313-win_amd64.whl", hash = "sha256:fe3f7194d5fbbc02e8fb03d26ad626a33fa0d420b50d66ed60ac4bf516322d8e", size = 27774, upload-time = "2025-07-20T01:08:33.692Z" },
    { url = "https://files.pythonhosted.org/packages/78/35/de1e889c26fcfc9ae6852b8f99e744e6690a3baae99f63e2b9fffdd21710/cobs-1.2.2-cp314-cp314-win32.whl", hash = "sha256:bcf08cb0b68c1824a87cfa89e0684d5a3eaee9b9e08b02ce4a54d5589536f01c", size = 26779, upload-time = "2026-03-09T02:18:48.711Z" },
    { url = "https://files.pythonhosted.org/packages/b6/64/390e226843cc83066acc60257e0e71ebdbce6dd915ec4f3d34101b9ac31b/cobs-1.2.2-cp314-cp314-win_amd64.whl", hash = "sha256:1f27b7a553d809487287e4ed88540b2c30ed9c9bb596173bfcf549e705af7bf0", size = 28205, upload-time = "2026-03-09T02:18:20.193Z" },
]

[[package]]
name = "host-receiver"
version = "0.1.0"
source = { virtual = "." }
dependencies = [
    { name = "cobs" },
    { name = "protobuf" },
    { name = "pyserial" },
]

[package.metadata]
requires-dist = [
    { name = "cobs", specifier = ">=1.2.0" },
    { name = "protobuf", specifier = ">=4.25.0" },
    { name = "pyserial", specifier = ">=3.5" },
]

[[package]]
name = "protobuf"
version = "7.35.0"
source = { registry = "https://pypi.org/simple" }
sdist = { url = "https://files.pythonhosted.org/packages/60/fd/5b1491d9e4b586d621c54f4c36b888714164b6875f8d6afa3f9072906a51/protobuf-7.35.0.tar.gz", hash = "sha256:a2efd84605f41e559f1881b0912b44099d0a2ac9bf46b3474823f10fb393b0e6", size = 458677, upload-time = "2026-05-19T23:02:29.197Z" }
wheels = [
    { url = "https://files.pythonhosted.org/packages/83/ee/93d06e358a4aa32280b00e722d3ea0a1f25fc3cc5778d80581c9cca2c10e/protobuf-7.35.0-cp310-abi3-macosx_10_9_universal2.whl", hash = "sha256:66be6c513931c794fa92c080ffee41671390da3d79da219cf9c0c0907f035dda", size = 433225, upload-time = "2026-05-19T23:02:19.884Z" },
    { url = "https://files.pythonhosted.org/packages/8b/39/1c76c2da93f3c507e958e0aecee2391cc44d4625de6c728bbc555195b5a8/protobuf-7.35.0-cp310-abi3-manylinux2014_aarch64.whl", hash = "sha256:fcbe42a4ac09d3ec9c987ddfcd956afd0b15f1ff613bd8371bde9405ffd5c8e5", size = 328847, upload-time = "2026-05-19T23:02:22.3Z" },
    { url = "https://files.pythonhosted.org/packages/91/1a/39f7ce90a238c1a987a4d81ec26379e02ca0aff367de68e4a1fa474215b9/protobuf-7.35.0-cp310-abi3-manylinux2014_s390x.whl", hash = "sha256:4cbf5cc286130e06a6c9bbefac442431173906dfcc979712183d4adcc01b37ee", size = 344030, upload-time = "2026-05-19T23:02:23.591Z" },
    { url = "https://files.pythonhosted.org/packages/70/5b/6baf9008817964454055ff3fe65f1de0b5f1e26c80c82f7fb108b7cd4ea3/protobuf-7.35.0-cp310-abi3-manylinux2014_x86_64.whl", hash = "sha256:6c0f98f10c8a05ea30f8993dfef2de093d27b490fdae78bb60c8343795d55011", size = 327130, upload-time = "2026-05-19T23:02:24.637Z" },
    { url = "https://files.pythonhosted.org/packages/8e/e5/e46adb0badc388bfb84877a5f9f026aff63f60e611016cf64dbe77e05446/protobuf-7.35.0-cp310-abi3-win32.whl", hash = "sha256:4c4617b83ade0e279d1d2bfe04025a1adb87f9ed657de038620dc0ff959357f6", size = 428946, upload-time = "2026-05-19T23:02:25.741Z" },
    { url = "https://files.pythonhosted.org/packages/a7/ab/547fbd9e16d879dd13c167478f8ae0a83a428008ca07a5e06acdc23ad473/protobuf-7.35.0-cp310-abi3-win_amd64.whl", hash = "sha256:f05bcadf9a2a6b8dda047007075135fb7d08c73d9177aabc067e1be46881a201", size = 439996, upload-time = "2026-05-19T23:02:26.808Z" },
    { url = "https://files.pythonhosted.org/packages/b8/ef/50433d346c56657a70d27f156c7b349ac59a068b01de4eb796e747eecc43/protobuf-7.35.0-py3-none-any.whl", hash = "sha256:c13f325cf242bad135c350629eeb5d54b24228eb472fb3e2e9ebbd4c5dc20ca0", size = 171659, upload-time = "2026-05-19T23:02:27.842Z" },
]

[[package]]
name = "pyserial"
version = "3.5"
source = { registry = "https://pypi.org/simple" }
sdist = { url = "https://files.pythonhosted.org/packages/1e/7d/ae3f0a63f41e4d2f6cb66a5b57197850f919f59e558159a4dd3a818f5082/pyserial-3.5.tar.gz", hash = "sha256:3c77e014170dfffbd816e6ffc205e9842efb10be9f58ec16d3e8675b4925cddb", size = 159125, upload-time = "2020-11-23T03:59:15.045Z" }
wheels = [
    { url = "https://files.pythonhosted.org/packages/07/bc/587a445451b253b285629263eb51c2d8e9bcea4fc97826266d186f96f558/pyserial-3.5-py2.py3-none-any.whl", hash = "sha256:c4451db6ba391ca6ca299fb3ec7bae67a5c55dde170964c7a14ceefec02f2cf0", size = 90585, upload-time = "2020-11-23T03:59:13.41Z" },
]
